
Microsoft Visual Studio Solution File, Format Version 12.00
# Visual Studio 2017
Project("{FAE04EC0-301F-11D3-BF4B-00C04F79EFBC}") = "Checkmate", "Checkmate.csproj", "{94375360-112A-D89B-20D5-3C32D043D744}"
EndProject
Global
	GlobalSection(SolutionConfigurationPlatforms) = preSolution
		Debug|Any CPU = Debug|Any CPU
		Release|Any CPU = Release|Any CPU
	EndGlobalSection
	GlobalSection(ProjectConfigurationPlatforms) = postSolution
		{94375360-112A-D89B-20D5-3C32D043D744}.Debug|Any CPU.ActiveCfg = Debug|Any CPU
		{94375360-112A-D89B-20D5-3C32D043D744}.Debug|Any CPU.Build.0 = Debug|Any CPU
		{94375360-112A-D89B-20D5-3C32D043D744}.Release|Any CPU.ActiveCfg = Release|Any CPU
		{94375360-112A-D89B-20D5-3C32D043D744}.Release|Any CPU.Build.0 = Release|Any CPU
	EndGlobalSection
	GlobalSection(SolutionProperties) = preSolution
		HideSolutionNode = FALSE
	EndGlobalSection
EndGlobal
